
Microsoft Visual Studio Solution File, Format Version 12.00
# Visual Studio 15
VisualStudioVersion = 15.0.28307.757
MinimumVisualStudioVersion = 10.0.40219.1
Project("{FAE04EC0-301F-11D3-BF4B-00C04F79EFBC}") = "MODELAPPROACH", "MODELAPPROACH\MODELAPPROACH.csproj", "{07888BB4-FB46-495D-B052-E74FC485A0EB}"
EndProject
Global
	GlobalSection(SolutionConfigurationPlatforms) = preSolution
		Debug|Any CPU = Debug|Any CPU
		Release|Any CPU = Release|Any CPU
	EndGlobalSection
	GlobalSection(ProjectConfigurationPlatforms) = postSolution
		{07888BB4-FB46-495D-B052-E74FC485A0EB}.Debug|Any CPU.ActiveCfg = Debug|Any CPU
		{07888BB4-FB46-495D-B052-E74FC485A0EB}.Debug|Any CPU.Build.0 = Debug|Any CPU
		{07888BB4-FB46-495D-B052-E74FC485A0EB}.Release|Any CPU.ActiveCfg = Release|Any CPU
		{07888BB4-FB46-495D-B052-E74FC485A0EB}.Release|Any CPU.Build.0 = Release|Any CPU
	EndGlobalSection
	GlobalSection(SolutionProperties) = preSolution
		HideSolutionNode = FALSE
	EndGlobalSection
	GlobalSection(ExtensibilityGlobals) = postSolution
		SolutionGuid = {F788339D-2D7B-4AB6-93DC-637261971E30}
	EndGlobalSection
EndGlobal
